
Microsoft Visual Studio Solution File, Format Version 12.00
Project("{FAE04EC0-301F-11D3-BF4B-00C04F79EFBC}") = "APBD25-Kolokwium-2", "APBD25-Kolokwium-2\APBD25-Kolokwium-2.csproj", "{3855F486-6593-4D11-B41B-13CEB6D999EC}"
EndProject
Global
	GlobalSection(SolutionConfigurationPlatforms) = preSolution
		Debug|Any CPU = Debug|Any CPU
		Release|Any CPU = Release|Any CPU
	EndGlobalSection
	GlobalSection(ProjectConfigurationPlatforms) = postSolution
		{3855F486-6593-4D11-B41B-13CEB6D999EC}.Debug|Any CPU.ActiveCfg = Debug|Any CPU
		{3855F486-6593-4D11-B41B-13CEB6D999EC}.Debug|Any CPU.Build.0 = Debug|Any CPU
		{3855F486-6593-4D11-B41B-13CEB6D999EC}.Release|Any CPU.ActiveCfg = Release|Any CPU
		{3855F486-6593-4D11-B41B-13CEB6D999EC}.Release|Any CPU.Build.0 = Release|Any CPU
	EndGlobalSection
EndGlobal
